PODS:
  - Kingfisher (7.9.1)
  - SnapKit (5.6.0)
  - Then (3.0.0)

DEPENDENCIES:
  - Kingfisher
  - SnapKit
  - Then

SPEC REPOS:
  trunk:
    - Kingfisher
    - SnapKit
    - Then

SPEC CHECKSUMS:
  Kingfisher: 1d14e9f59cbe19389f591c929000332bf70efd32
  SnapKit: e01d52ebb8ddbc333eefe2132acf85c8227d9c25
  Then: 844265ae87834bbe1147d91d5d41a404da2ec27d

PODFILE CHECKSUM: b7cb090b1e444d0f1f7c69ca0e2b29e828c037df

COCOAPODS: 1.12.1
